
Microsoft Visual Studio Solution File, Format Version 12.00
# Visual Studio Version 16
VisualStudioVersion = 16.0.31205.134
MinimumVisualStudioVersion = 10.0.40219.1
Project("{9A19103F-16F7-4668-BE54-9A1E7A4F7556}") = "Business", "Business\Business.csproj", "{59B057A7-B64A-4446-8A8E-23C4705B4260}"
EndProject
Project("{9A19103F-16F7-4668-BE54-9A1E7A4F7556}") = "Entities", "Entities\Entities.csproj", "{6AB0B672-A728-43A7-AEBB-E68A83664DCC}"
EndProject
Project("{9A19103F-16F7-4668-BE54-9A1E7A4F7556}") = "DataAccess", "DataAccess\DataAccess.csproj", "{F118969F-9A97-4B55-A3FB-EF5C0587676A}"
EndProject
Project("{9A19103F-16F7-4668-BE54-9A1E7A4F7556}") = "ConsoleApp1", "ConsoleApp1\ConsoleApp1.csproj", "{F5651170-4352-4D55-ABD8-40A2E1438411}"
EndProject
Global
	GlobalSection(SolutionConfigurationPlatforms) = preSolution
		Debug|Any CPU = Debug|Any CPU
		Release|Any CPU = Release|Any CPU
	EndGlobalSection
	GlobalSection(ProjectConfigurationPlatforms) = postSolution
		{59B057A7-B64A-4446-8A8E-23C4705B4260}.Debug|Any CPU.ActiveCfg = Debug|Any CPU
		{59B057A7-B64A-4446-8A8E-23C4705B4260}.Debug|Any CPU.Build.0 = Debug|Any CPU
		{59B057A7-B64A-4446-8A8E-23C4705B4260}.Release|Any CPU.ActiveCfg = Release|Any CPU
		{59B057A7-B64A-4446-8A8E-23C4705B4260}.Release|Any CPU.Build.0 = Release|Any CPU
		{6AB0B672-A728-43A7-AEBB-E68A83664DCC}.Debug|Any CPU.ActiveCfg = Debug|Any CPU
		{6AB0B672-A728-43A7-AEBB-E68A83664DCC}.Debug|Any CPU.Build.0 = Debug|Any CPU
		{6AB0B672-A728-43A7-AEBB-E68A83664DCC}.Release|Any CPU.ActiveCfg = Release|Any CPU
		{6AB0B672-A728-43A7-AEBB-E68A83664DCC}.Release|Any CPU.Build.0 = Release|Any CPU
		{F118969F-9A97-4B55-A3FB-EF5C0587676A}.Debug|Any CPU.ActiveCfg = Debug|Any CPU
		{F118969F-9A97-4B55-A3FB-EF5C0587676A}.Debug|Any CPU.Build.0 = Debug|Any CPU
		{F118969F-9A97-4B55-A3FB-EF5C0587676A}.Release|Any CPU.ActiveCfg = Release|Any CPU
		{F118969F-9A97-4B55-A3FB-EF5C0587676A}.Release|Any CPU.Build.0 = Release|Any CPU
		{F5651170-4352-4D55-ABD8-40A2E1438411}.Debug|Any CPU.ActiveCfg = Debug|Any CPU
		{F5651170-4352-4D55-ABD8-40A2E1438411}.Debug|Any CPU.Build.0 = Debug|Any CPU
		{F5651170-4352-4D55-ABD8-40A2E1438411}.Release|Any CPU.ActiveCfg = Release|Any CPU
		{F5651170-4352-4D55-ABD8-40A2E1438411}.Release|Any CPU.Build.0 = Release|Any CPU
	EndGlobalSection
	GlobalSection(SolutionProperties) = preSolution
		HideSolutionNode = FALSE
	EndGlobalSection
	GlobalSection(ExtensibilityGlobals) = postSolution
		SolutionGuid = {29888158-8340-4D5A-B500-C9E511ED2216}
	EndGlobalSection
EndGlobal
